
Microsoft Visual Studio Solution File, Format Version 12.00
# Visual Studio Version 16
VisualStudioVersion = 16.0.28803.352
MinimumVisualStudioVersion = 10.0.40219.1
Project("{FAE04EC0-301F-11D3-BF4B-00C04F79EFBC}") = "Junio19", "Junio19\Junio19.csproj", "{52081BA0-030C-4638-A5FB-B0A0E6EA81A9}"
EndProject
Global
	GlobalSection(SolutionConfigurationPlatforms) = preSolution
		Debug|Any CPU = Debug|Any CPU
		Release|Any CPU = Release|Any CPU
	EndGlobalSection
	GlobalSection(ProjectConfigurationPlatforms) = postSolution
		{52081BA0-030C-4638-A5FB-B0A0E6EA81A9}.Debug|Any CPU.ActiveCfg = Debug|Any CPU
		{52081BA0-030C-4638-A5FB-B0A0E6EA81A9}.Debug|Any CPU.Build.0 = Debug|Any CPU
		{52081BA0-030C-4638-A5FB-B0A0E6EA81A9}.Release|Any CPU.ActiveCfg = Release|Any CPU
		{52081BA0-030C-4638-A5FB-B0A0E6EA81A9}.Release|Any CPU.Build.0 = Release|Any CPU
	EndGlobalSection
	GlobalSection(SolutionProperties) = preSolution
		HideSolutionNode = FALSE
	EndGlobalSection
	GlobalSection(ExtensibilityGlobals) = postSolution
		SolutionGuid = {04755560-2062-449D-AA6E-740C4378CE85}
	EndGlobalSection
EndGlobal
